
Microsoft Visual Studio Solution File, Format Version 12.00
# Visual Studio Version 16
VisualStudioVersion = 16.0.29009.5
MinimumVisualStudioVersion = 10.0.40219.1
Project("{8BC9CEB8-8B4A-11D0-8D11-00A0C91BC942}") = "FixSurfaceKeyboard", "FixSurfaceKeyboard\FixSurfaceKeyboard.vcxproj", "{45C7DD15-52B0-449E-A0A9-1D5FC87B98CB}"
EndProject
Project("{930C7802-8A8C-48F9-8165-68863BCCD9DD}") = "Setup", "Setup\Setup.wixproj", "{8A7CDFFF-60A5-4640-BDB1-487BE3EA887C}"
EndProject
Global
	GlobalSection(SolutionConfigurationPlatforms) = preSolution
		All|x64 = All|x64
		All|x86 = All|x86
		Debug|x64 = Debug|x64
		Debug|x86 = Debug|x86
		Release|x64 = Release|x64
		Release|x86 = Release|x86
	EndGlobalSection
	GlobalSection(ProjectConfigurationPlatforms) = postSolution
		{45C7DD15-52B0-449E-A0A9-1D5FC87B98CB}.All|x64.ActiveCfg = Release|x64
		{45C7DD15-52B0-449E-A0A9-1D5FC87B98CB}.All|x64.Build.0 = Release|x64
		{45C7DD15-52B0-449E-A0A9-1D5FC87B98CB}.All|x86.ActiveCfg = Release|Win32
		{45C7DD15-52B0-449E-A0A9-1D5FC87B98CB}.All|x86.Build.0 = Release|Win32
		{45C7DD15-52B0-449E-A0A9-1D5FC87B98CB}.Debug|x64.ActiveCfg = Debug|x64
		{45C7DD15-52B0-449E-A0A9-1D5FC87B98CB}.Debug|x64.Build.0 = Debug|x64
		{45C7DD15-52B0-449E-A0A9-1D5FC87B98CB}.Debug|x86.ActiveCfg = Debug|Win32
		{45C7DD15-52B0-449E-A0A9-1D5FC87B98CB}.Debug|x86.Build.0 = Debug|Win32
		{45C7DD15-52B0-449E-A0A9-1D5FC87B98CB}.Release|x64.ActiveCfg = Release|x64
		{45C7DD15-52B0-449E-A0A9-1D5FC87B98CB}.Release|x64.Build.0 = Release|x64
		{45C7DD15-52B0-449E-A0A9-1D5FC87B98CB}.Release|x86.ActiveCfg = Release|Win32
		{45C7DD15-52B0-449E-A0A9-1D5FC87B98CB}.Release|x86.Build.0 = Release|Win32
		{8A7CDFFF-60A5-4640-BDB1-487BE3EA887C}.All|x64.ActiveCfg = Release|x86
		{8A7CDFFF-60A5-4640-BDB1-487BE3EA887C}.All|x64.Build.0 = Release|x86
		{8A7CDFFF-60A5-4640-BDB1-487BE3EA887C}.All|x86.ActiveCfg = Release|x86
		{8A7CDFFF-60A5-4640-BDB1-487BE3EA887C}.All|x86.Build.0 = Release|x86
		{8A7CDFFF-60A5-4640-BDB1-487BE3EA887C}.Debug|x64.ActiveCfg = Debug|x86
		{8A7CDFFF-60A5-4640-BDB1-487BE3EA887C}.Debug|x86.ActiveCfg = Debug|x86
		{8A7CDFFF-60A5-4640-BDB1-487BE3EA887C}.Debug|x86.Build.0 = Debug|x86
		{8A7CDFFF-60A5-4640-BDB1-487BE3EA887C}.Release|x64.ActiveCfg = Release|x86
		{8A7CDFFF-60A5-4640-BDB1-487BE3EA887C}.Release|x86.ActiveCfg = Release|x86
		{8A7CDFFF-60A5-4640-BDB1-487BE3EA887C}.Release|x86.Build.0 = Release|x86
	EndGlobalSection
	GlobalSection(SolutionProperties) = preSolution
		HideSolutionNode = FALSE
	EndGlobalSection
	GlobalSection(ExtensibilityGlobals) = postSolution
		SolutionGuid = {C5A64C1F-C79B-4E54-8597-A71D286B72F5}
	EndGlobalSection
EndGlobal
